
Microsoft Visual Studio Solution File, Format Version 12.00
# Visual Studio Version 17
VisualStudioVersion = 17.13.35828.75 d17.13
MinimumVisualStudioVersion = 10.0.40219.1
Project("{FAE04EC0-301F-11D3-BF4B-00C04F79EFBC}") = "EasyBooking.Domain", "EasyBooking.Domain\EasyBooking.Domain.csproj", "{BF3EC585-2852-49B7-94C9-B5138DC73F76}"
EndProject
Project("{FAE04EC0-301F-11D3-BF4B-00C04F79EFBC}") = "EasyBooking.Application", "EasyBooking.Application\EasyBooking.Application.csproj", "{6E41A924-F6A3-4B9E-B66B-007D03FBF18F}"
EndProject
Project("{FAE04EC0-301F-11D3-BF4B-00C04F79EFBC}") = "EasyBooking.Persistence", "EasyBooking.Persistence\EasyBooking.Persistence.csproj", "{5D7EE2D9-BCBE-4797-B9E7-1B1B4783327D}"
EndProject
Project("{FAE04EC0-301F-11D3-BF4B-00C04F79EFBC}") = "EasyBooking.Api", "EasyBooking.Api\EasyBooking.Api.csproj", "{FEB09989-4E80-4A92-9E97-A59F8CD6DCBA}"
EndProject
Project("{FAE04EC0-301F-11D3-BF4B-00C04F79EFBC}") = "EasyBooking.Frontend", "EasyBooking.Frontend\EasyBooking.Frontend.csproj", "{041A7259-CDC6-4B08-B40E-3E47D669DC04}"
EndProject
Global
	GlobalSection(SolutionConfigurationPlatforms) = preSolution
		Debug|Any CPU = Debug|Any CPU
		Release|Any CPU = Release|Any CPU
	EndGlobalSection
	GlobalSection(ProjectConfigurationPlatforms) = postSolution
		{BF3EC585-2852-49B7-94C9-B5138DC73F76}.Debug|Any CPU.ActiveCfg = Debug|Any CPU
		{BF3EC585-2852-49B7-94C9-B5138DC73F76}.Debug|Any CPU.Build.0 = Debug|Any CPU
		{BF3EC585-2852-49B7-94C9-B5138DC73F76}.Release|Any CPU.ActiveCfg = Release|Any CPU
		{BF3EC585-2852-49B7-94C9-B5138DC73F76}.Release|Any CPU.Build.0 = Release|Any CPU
		{6E41A924-F6A3-4B9E-B66B-007D03FBF18F}.Debug|Any CPU.ActiveCfg = Debug|Any CPU
		{6E41A924-F6A3-4B9E-B66B-007D03FBF18F}.Debug|Any CPU.Build.0 = Debug|Any CPU
		{6E41A924-F6A3-4B9E-B66B-007D03FBF18F}.Release|Any CPU.ActiveCfg = Release|Any CPU
		{6E41A924-F6A3-4B9E-B66B-007D03FBF18F}.Release|Any CPU.Build.0 = Release|Any CPU
		{5D7EE2D9-BCBE-4797-B9E7-1B1B4783327D}.Debug|Any CPU.ActiveCfg = Debug|Any CPU
		{5D7EE2D9-BCBE-4797-B9E7-1B1B4783327D}.Debug|Any CPU.Build.0 = Debug|Any CPU
		{5D7EE2D9-BCBE-4797-B9E7-1B1B4783327D}.Release|Any CPU.ActiveCfg = Release|Any CPU
		{5D7EE2D9-BCBE-4797-B9E7-1B1B4783327D}.Release|Any CPU.Build.0 = Release|Any CPU
		{FEB09989-4E80-4A92-9E97-A59F8CD6DCBA}.Debug|Any CPU.ActiveCfg = Debug|Any CPU
		{FEB09989-4E80-4A92-9E97-A59F8CD6DCBA}.Debug|Any CPU.Build.0 = Debug|Any CPU
		{FEB09989-4E80-4A92-9E97-A59F8CD6DCBA}.Release|Any CPU.ActiveCfg = Release|Any CPU
		{FEB09989-4E80-4A92-9E97-A59F8CD6DCBA}.Release|Any CPU.Build.0 = Release|Any CPU
		{041A7259-CDC6-4B08-B40E-3E47D669DC04}.Debug|Any CPU.ActiveCfg = Debug|Any CPU
		{041A7259-CDC6-4B08-B40E-3E47D669DC04}.Debug|Any CPU.Build.0 = Debug|Any CPU
		{041A7259-CDC6-4B08-B40E-3E47D669DC04}.Release|Any CPU.ActiveCfg = Release|Any CPU
		{041A7259-CDC6-4B08-B40E-3E47D669DC04}.Release|Any CPU.Build.0 = Release|Any CPU
	EndGlobalSection
	GlobalSection(SolutionProperties) = preSolution
		HideSolutionNode = FALSE
	EndGlobalSection
	GlobalSection(ExtensibilityGlobals) = postSolution
		SolutionGuid = {5B878CAC-ED81-4638-8140-BA407F6000C8}
	EndGlobalSection
EndGlobal
